
Microsoft Visual Studio Solution File, Format Version 12.00
# Visual Studio Version 16
VisualStudioVersion = 16.0.28803.452
MinimumVisualStudioVersion = 10.0.40219.1
Project("{FAE04EC0-301F-11D3-BF4B-00C04F79EFBC}") = "cinema", "cinema\cinema.csproj", "{BEEC092B-6201-4BF9-B69D-C2B8334A0405}"
EndProject
Global
	GlobalSection(SolutionConfigurationPlatforms) = preSolution
		Debug|Any CPU = Debug|Any CPU
		Release|Any CPU = Release|Any CPU
	EndGlobalSection
	GlobalSection(ProjectConfigurationPlatforms) = postSolution
		{BEEC092B-6201-4BF9-B69D-C2B8334A0405}.Debug|Any CPU.ActiveCfg = Debug|Any CPU
		{BEEC092B-6201-4BF9-B69D-C2B8334A0405}.Debug|Any CPU.Build.0 = Debug|Any CPU
		{BEEC092B-6201-4BF9-B69D-C2B8334A0405}.Release|Any CPU.ActiveCfg = Release|Any CPU
		{BEEC092B-6201-4BF9-B69D-C2B8334A0405}.Release|Any CPU.Build.0 = Release|Any CPU
	EndGlobalSection
	GlobalSection(SolutionProperties) = preSolution
		HideSolutionNode = FALSE
	EndGlobalSection
	GlobalSection(ExtensibilityGlobals) = postSolution
		SolutionGuid = {35DABA2A-CF2D-44BA-8466-21498F0D918C}
	EndGlobalSection
EndGlobal
